
Microsoft Visual Studio Solution File, Format Version 12.00
# Visual Studio 15
Project("{FAE04EC0-301F-11D3-BF4B-00C04F79EFBC}") = "CodingReview", "CodingReview\CodingReview.csproj", "{534F2B9B-A657-4412-B555-98A8674F397C}"
EndProject
Global
	GlobalSection(SolutionConfigurationPlatforms) = preSolution
		Debug|Any CPU = Debug|Any CPU
		Release|Any CPU = Release|Any CPU
	EndGlobalSection
	GlobalSection(ProjectConfigurationPlatforms) = postSolution
		{534F2B9B-A657-4412-B555-98A8674F397C}.Debug|Any CPU.ActiveCfg = Debug|Any CPU
		{534F2B9B-A657-4412-B555-98A8674F397C}.Debug|Any CPU.Build.0 = Debug|Any CPU
		{534F2B9B-A657-4412-B555-98A8674F397C}.Release|Any CPU.ActiveCfg = Release|Any CPU
		{534F2B9B-A657-4412-B555-98A8674F397C}.Release|Any CPU.Build.0 = Release|Any CPU
	EndGlobalSection
EndGlobal
